{
  "name": "xbar-eorzea-time-plugin",
  "version": "1.0.0",
  "lockfileVersion": 3,
  "requires": true,
  "packages": {
    "": {
      "name": "xbar-eorzea-time-plugin",
      "version": "1.0.0",
      "license": "MIT",
      "dependencies": {
        "@sindresorhus/xbar": "^2.1.1",
        "@vercel/ncc": "^0.38.1",
        "eorzea-time": "^3.0.0"
      },
      "devDependencies": {
        "prettier": "^3.0.3"
      }
    },
    "node_modules/@sindresorhus/xbar": {
      "version": "2.1.1",
      "resolved": "https://registry.npmjs.org/@sindresorhus/xbar/-/xbar-2.1.1.tgz",
      "integrity": "sha512-Lopd1Coe9fZgAsGTRzK0rk1dO1jDpw/o22P4ppPnkrfCO1DLwwbybQ3ezB1Gp46heXVq8zXWM+3UM3iSCcpVCA==",
      "engines": {
        "node": "^12.20.0 || ^14.13.1 || >=16.0.0"
      },
      "funding": {
        "url": "https://github.com/sponsors/sindresorhus"
      }
    },
    "node_modules/@vercel/ncc": {
      "version": "0.38.1",
      "resolved": "https://registry.npmjs.org/@vercel/ncc/-/ncc-0.38.1.tgz",
      "integrity": "sha512-IBBb+iI2NLu4VQn3Vwldyi2QwaXt5+hTyh58ggAMoCGE6DJmPvwL3KPBWcJl1m9LYPChBLE980Jw+CS4Wokqxw==",
      "bin": {
        "ncc": "dist/ncc/cli.js"
      }
    },
    "node_modules/eorzea-time": {
      "version": "3.0.0",
      "resolved": "https://registry.npmjs.org/eorzea-time/-/eorzea-time-3.0.0.tgz",
      "integrity": "sha512-+iLaILTka0LqBV5ga0m3B7DB2Ou4QMAiYw9ldwfh0kgxjD6VFDOeXiUJf8mG4xIVJj2UmKv2sZokJ+Jz4urZUw=="
    },
    "node_modules/prettier": {
      "version": "3.0.3",
      "resolved": "https://registry.npmjs.org/prettier/-/prettier-3.0.3.tgz",
      "integrity": "sha512-L/4pUDMxcNa8R/EthV08Zt42WBO4h1rarVtK0K+QJG0X187OLo7l699jWw0GKuwzkPQ//jMFA/8Xm6Fh3J/DAg==",
      "dev": true,
      "bin": {
        "prettier": "bin/prettier.cjs"
      },
      "engines": {
        "node": ">=14"
      },
      "funding": {
        "url": "https://github.com/prettier/prettier?sponsor=1"
      }
    }
  }
}
